
Microsoft Visual Studio Solution File, Format Version 12.00
# Visual Studio Version 17
VisualStudioVersion = 17.7.34031.279
MinimumVisualStudioVersion = 10.0.40219.1
Project("{FAE04EC0-301F-11D3-BF4B-00C04F79EFBC}") = "Assignment", "Assignment.csproj", "{8DA19FF0-0398-4A2F-B7B7-9D252B3C8A1F}"
EndProject
Global
	GlobalSection(SolutionConfigurationPlatforms) = preSolution
		Debug|Any CPU = Debug|Any CPU
		Release|Any CPU = Release|Any CPU
	EndGlobalSection
	GlobalSection(ProjectConfigurationPlatforms) = postSolution
		{8DA19FF0-0398-4A2F-B7B7-9D252B3C8A1F}.Debug|Any CPU.ActiveCfg = Debug|Any CPU
		{8DA19FF0-0398-4A2F-B7B7-9D252B3C8A1F}.Debug|Any CPU.Build.0 = Debug|Any CPU
		{8DA19FF0-0398-4A2F-B7B7-9D252B3C8A1F}.Release|Any CPU.ActiveCfg = Release|Any CPU
		{8DA19FF0-0398-4A2F-B7B7-9D252B3C8A1F}.Release|Any CPU.Build.0 = Release|Any CPU
	EndGlobalSection
	GlobalSection(SolutionProperties) = preSolution
		HideSolutionNode = FALSE
	EndGlobalSection
	GlobalSection(ExtensibilityGlobals) = postSolution
		SolutionGuid = {3B63A43F-9E0D-4649-A0D8-E724D096DC56}
	EndGlobalSection
EndGlobal
